
Microsoft Visual Studio Solution File, Format Version 12.00
# Visual Studio 15
VisualStudioVersion = 15.0.28010.2050
MinimumVisualStudioVersion = 10.0.40219.1
Project("{9A19103F-16F7-4668-BE54-9A1E7A4F7556}") = "PcPartPicker", "PcPartPicker\PcPartPicker.csproj", "{C6C5D9AB-C0A9-4ACA-8E50-D2B51E124CE3}"
EndProject
Project("{9A19103F-16F7-4668-BE54-9A1E7A4F7556}") = "PcPartPicker.Data", "PcPartPicker.Data\PcPartPicker.Data.csproj", "{18B86CFB-111C-4C78-9440-08BF8A9D84D5}"
EndProject
Project("{9A19103F-16F7-4668-BE54-9A1E7A4F7556}") = "PcPartPicker.Models", "PcPartPicker.Models\PcPartPicker.Models.csproj", "{4FDDB7B2-178A-45CF-8AC8-6DBF59E6794C}"
EndProject
Project("{9A19103F-16F7-4668-BE54-9A1E7A4F7556}") = "PcPartPicker.Services", "PcPartPicker.Services\PcPartPicker.Services.csproj", "{2D429823-F5AE-4986-981C-8ECB8ECC8EE8}"
EndProject
Project("{FAE04EC0-301F-11D3-BF4B-00C04F79EFBC}") = "PcPartPicker.Services.Tests", "PcPartPicker.Tests\PcPartPicker.Services.Tests.csproj", "{35006BE2-61A1-4B11-8814-83C6C93E673C}"
EndProject
Global
	GlobalSection(SolutionConfigurationPlatforms) = preSolution
		Debug|Any CPU = Debug|Any CPU
		Release|Any CPU = Release|Any CPU
	EndGlobalSection
	GlobalSection(ProjectConfigurationPlatforms) = postSolution
		{C6C5D9AB-C0A9-4ACA-8E50-D2B51E124CE3}.Debug|Any CPU.ActiveCfg = Debug|Any CPU
		{C6C5D9AB-C0A9-4ACA-8E50-D2B51E124CE3}.Debug|Any CPU.Build.0 = Debug|Any CPU
		{C6C5D9AB-C0A9-4ACA-8E50-D2B51E124CE3}.Release|Any CPU.ActiveCfg = Release|Any CPU
		{C6C5D9AB-C0A9-4ACA-8E50-D2B51E124CE3}.Release|Any CPU.Build.0 = Release|Any CPU
		{18B86CFB-111C-4C78-9440-08BF8A9D84D5}.Debug|Any CPU.ActiveCfg = Debug|Any CPU
		{18B86CFB-111C-4C78-9440-08BF8A9D84D5}.Debug|Any CPU.Build.0 = Debug|Any CPU
		{18B86CFB-111C-4C78-9440-08BF8A9D84D5}.Release|Any CPU.ActiveCfg = Release|Any CPU
		{18B86CFB-111C-4C78-9440-08BF8A9D84D5}.Release|Any CPU.Build.0 = Release|Any CPU
		{4FDDB7B2-178A-45CF-8AC8-6DBF59E6794C}.Debug|Any CPU.ActiveCfg = Debug|Any CPU
		{4FDDB7B2-178A-45CF-8AC8-6DBF59E6794C}.Debug|Any CPU.Build.0 = Debug|Any CPU
		{4FDDB7B2-178A-45CF-8AC8-6DBF59E6794C}.Release|Any CPU.ActiveCfg = Release|Any CPU
		{4FDDB7B2-178A-45CF-8AC8-6DBF59E6794C}.Release|Any CPU.Build.0 = Release|Any CPU
		{2D429823-F5AE-4986-981C-8ECB8ECC8EE8}.Debug|Any CPU.ActiveCfg = Debug|Any CPU
		{2D429823-F5AE-4986-981C-8ECB8ECC8EE8}.Debug|Any CPU.Build.0 = Debug|Any CPU
		{2D429823-F5AE-4986-981C-8ECB8ECC8EE8}.Release|Any CPU.ActiveCfg = Release|Any CPU
		{2D429823-F5AE-4986-981C-8ECB8ECC8EE8}.Release|Any CPU.Build.0 = Release|Any CPU
		{35006BE2-61A1-4B11-8814-83C6C93E673C}.Debug|Any CPU.ActiveCfg = Debug|Any CPU
		{35006BE2-61A1-4B11-8814-83C6C93E673C}.Debug|Any CPU.Build.0 = Debug|Any CPU
		{35006BE2-61A1-4B11-8814-83C6C93E673C}.Release|Any CPU.ActiveCfg = Release|Any CPU
		{35006BE2-61A1-4B11-8814-83C6C93E673C}.Release|Any CPU.Build.0 = Release|Any CPU
	EndGlobalSection
	GlobalSection(SolutionProperties) = preSolution
		HideSolutionNode = FALSE
	EndGlobalSection
	GlobalSection(ExtensibilityGlobals) = postSolution
		SolutionGuid = {94FAAFE2-F7FC-427C-91C6-E4151CCBADC9}
	EndGlobalSection
EndGlobal
